
Microsoft Visual Studio Solution File, Format Version 12.00
# Visual Studio 15
VisualStudioVersion = 15.0.28307.168
MinimumVisualStudioVersion = 10.0.40219.1
Project("{888888A0-9F3D-457C-B088-3A5042F75D52}") = "AtackWoodyPuzzle", "AtackWoodyPuzzle.pyproj", "{D42A5F73-6658-435B-904A-4F6786B2B56B}"
EndProject
Global
	GlobalSection(SolutionConfigurationPlatforms) = preSolution
		Debug|Any CPU = Debug|Any CPU
		Release|Any CPU = Release|Any CPU
	EndGlobalSection
	GlobalSection(ProjectConfigurationPlatforms) = postSolution
		{D42A5F73-6658-435B-904A-4F6786B2B56B}.Debug|Any CPU.ActiveCfg = Debug|Any CPU
		{D42A5F73-6658-435B-904A-4F6786B2B56B}.Release|Any CPU.ActiveCfg = Release|Any CPU
	EndGlobalSection
	GlobalSection(SolutionProperties) = preSolution
		HideSolutionNode = FALSE
	EndGlobalSection
	GlobalSection(ExtensibilityGlobals) = postSolution
		SolutionGuid = {CE26F577-A7E3-4056-B42F-43D353134935}
	EndGlobalSection
EndGlobal
